
Microsoft Visual Studio Solution File, Format Version 12.00
# Visual Studio Version 16
VisualStudioVersion = 16.0.30611.23
MinimumVisualStudioVersion = 10.0.40219.1
Project("{9A19103F-16F7-4668-BE54-9A1E7A4F7556}") = "NanoPluginLibrary", "NanoPluginLibrary.csproj", "{BF324044-5AF8-407E-89C8-EC67C8CC0D29}"
EndProject
Project("{9A19103F-16F7-4668-BE54-9A1E7A4F7556}") = "Chaos.NaCl.Blake2B.Core", "Chaos.NaCl.Blake2B.Core\Chaos.NaCl.Blake2B.Core.csproj", "{7BA30A5C-0FA0-45F1-B9A2-78CD1F3A00E4}"
EndProject
Global
	GlobalSection(SolutionConfigurationPlatforms) = preSolution
		Debug|Any CPU = Debug|Any CPU
		Release|Any CPU = Release|Any CPU
	EndGlobalSection
	GlobalSection(ProjectConfigurationPlatforms) = postSolution
		{BF324044-5AF8-407E-89C8-EC67C8CC0D29}.Debug|Any CPU.ActiveCfg = Debug|Any CPU
		{BF324044-5AF8-407E-89C8-EC67C8CC0D29}.Debug|Any CPU.Build.0 = Debug|Any CPU
		{BF324044-5AF8-407E-89C8-EC67C8CC0D29}.Release|Any CPU.ActiveCfg = Release|Any CPU
		{BF324044-5AF8-407E-89C8-EC67C8CC0D29}.Release|Any CPU.Build.0 = Release|Any CPU
		{7BA30A5C-0FA0-45F1-B9A2-78CD1F3A00E4}.Debug|Any CPU.ActiveCfg = Debug|Any CPU
		{7BA30A5C-0FA0-45F1-B9A2-78CD1F3A00E4}.Debug|Any CPU.Build.0 = Debug|Any CPU
		{7BA30A5C-0FA0-45F1-B9A2-78CD1F3A00E4}.Release|Any CPU.ActiveCfg = Release|Any CPU
		{7BA30A5C-0FA0-45F1-B9A2-78CD1F3A00E4}.Release|Any CPU.Build.0 = Release|Any CPU
	EndGlobalSection
	GlobalSection(SolutionProperties) = preSolution
		HideSolutionNode = FALSE
	EndGlobalSection
	GlobalSection(ExtensibilityGlobals) = postSolution
		SolutionGuid = {B5D610C2-5CB4-439E-AF4F-B1227769E9B9}
	EndGlobalSection
EndGlobal
